
Microsoft Visual Studio Solution File, Format Version 11.00
# Visual Studio 2010
Project("{FAE04EC0-301F-11D3-BF4B-00C04F79EFBC}") = "Prison Break Clone", "Assembly-CSharp.csproj", "{4E0DA2FA-AC30-1E12-0B39-A5C586D0004E}"
EndProject
Global
	GlobalSection(SolutionConfigurationPlatforms) = preSolution
		Debug|Any CPU = Debug|Any CPU
		Release|Any CPU = Release|Any CPU
	EndGlobalSection
	GlobalSection(ProjectConfigurationPlatforms) = postSolution
		{4E0DA2FA-AC30-1E12-0B39-A5C586D0004E}.Debug|Any CPU.ActiveCfg = Debug|Any CPU
		{4E0DA2FA-AC30-1E12-0B39-A5C586D0004E}.Debug|Any CPU.Build.0 = Debug|Any CPU
		{4E0DA2FA-AC30-1E12-0B39-A5C586D0004E}.Release|Any CPU.ActiveCfg = Release|Any CPU
		{4E0DA2FA-AC30-1E12-0B39-A5C586D0004E}.Release|Any CPU.Build.0 = Release|Any CPU
	EndGlobalSection
	GlobalSection(SolutionProperties) = preSolution
		HideSolutionNode = FALSE
	EndGlobalSection
	GlobalSection(MonoDevelopProperties) = preSolution
		StartupItem = Assembly-CSharp.csproj
	EndGlobalSection
EndGlobal
